
Microsoft Visual Studio Solution File, Format Version 12.00
# Visual Studio Version 17
VisualStudioVersion = 17.9.34622.214
MinimumVisualStudioVersion = 10.0.40219.1
Project("{FAE04EC0-301F-11D3-BF4B-00C04F79EFBC}") = "FileAnalyzerProject", "FileAnalyzerProject.csproj", "{795203A3-0179-44E6-B8C7-AF8746C5DEA8}"
EndProject
Global
	GlobalSection(SolutionConfigurationPlatforms) = preSolution
		Debug|Any CPU = Debug|Any CPU
		Release|Any CPU = Release|Any CPU
	EndGlobalSection
	GlobalSection(ProjectConfigurationPlatforms) = postSolution
		{795203A3-0179-44E6-B8C7-AF8746C5DEA8}.Debug|Any CPU.ActiveCfg = Debug|Any CPU
		{795203A3-0179-44E6-B8C7-AF8746C5DEA8}.Debug|Any CPU.Build.0 = Debug|Any CPU
		{795203A3-0179-44E6-B8C7-AF8746C5DEA8}.Release|Any CPU.ActiveCfg = Release|Any CPU
		{795203A3-0179-44E6-B8C7-AF8746C5DEA8}.Release|Any CPU.Build.0 = Release|Any CPU
	EndGlobalSection
	GlobalSection(SolutionProperties) = preSolution
		HideSolutionNode = FALSE
	EndGlobalSection
	GlobalSection(ExtensibilityGlobals) = postSolution
		SolutionGuid = {813A96EA-122A-4A44-8323-B047F2857288}
	EndGlobalSection
EndGlobal
